
Microsoft Visual Studio Solution File, Format Version 12.00
# Visual Studio Version 17
VisualStudioVersion = 17.8.34525.116
MinimumVisualStudioVersion = 10.0.40219.1
Project("{9A19103F-16F7-4668-BE54-9A1E7A4F7556}") = "LondonStockExchange.API", "LondonStockExchange.API.csproj", "{B5561FF3-DE91-40AC-AD24-C21B01829AF9}"
EndProject
Project("{FAE04EC0-301F-11D3-BF4B-00C04F79EFBC}") = "LondonStockExchange.UnitTests", "..\LondonStockExchange.UnitTests\LondonStockExchange.UnitTests.csproj", "{97EDCB0A-DE8F-4FF5-9513-C467DCB0B4CB}"
EndProject
Global
	GlobalSection(SolutionConfigurationPlatforms) = preSolution
		Debug|Any CPU = Debug|Any CPU
		Release|Any CPU = Release|Any CPU
	EndGlobalSection
	GlobalSection(ProjectConfigurationPlatforms) = postSolution
		{B5561FF3-DE91-40AC-AD24-C21B01829AF9}.Debug|Any CPU.ActiveCfg = Debug|Any CPU
		{B5561FF3-DE91-40AC-AD24-C21B01829AF9}.Debug|Any CPU.Build.0 = Debug|Any CPU
		{B5561FF3-DE91-40AC-AD24-C21B01829AF9}.Release|Any CPU.ActiveCfg = Release|Any CPU
		{B5561FF3-DE91-40AC-AD24-C21B01829AF9}.Release|Any CPU.Build.0 = Release|Any CPU
		{97EDCB0A-DE8F-4FF5-9513-C467DCB0B4CB}.Debug|Any CPU.ActiveCfg = Debug|Any CPU
		{97EDCB0A-DE8F-4FF5-9513-C467DCB0B4CB}.Debug|Any CPU.Build.0 = Debug|Any CPU
		{97EDCB0A-DE8F-4FF5-9513-C467DCB0B4CB}.Release|Any CPU.ActiveCfg = Release|Any CPU
		{97EDCB0A-DE8F-4FF5-9513-C467DCB0B4CB}.Release|Any CPU.Build.0 = Release|Any CPU
	EndGlobalSection
	GlobalSection(SolutionProperties) = preSolution
		HideSolutionNode = FALSE
	EndGlobalSection
	GlobalSection(ExtensibilityGlobals) = postSolution
		SolutionGuid = {89A2FDF0-1664-4ED4-BF7A-2E9FD425AF6E}
	EndGlobalSection
EndGlobal
